// !$*UTF8*$!
{
	archiveVersion = 1;
	classes = {
	};
	objectVersion = 55;
	objects = {

/* Begin PBXBuildFile section */
		145000452A327942006CB348 /* FlavourFrameApp.swift in Sources */ = {isa = PBXBuildFile; fileRef = 145000442A327942006CB348 /* FlavourFrameApp.swift */; };
		145000472A327942006CB348 /* ContentView.swift in Sources */ = {isa = PBXBuildFile; fileRef = 145000462A327942006CB348 /* ContentView.swift */; };
		145000492A327943006CB348 /* Assets.xcassets in Resources */ = {isa = PBXBuildFile; fileRef = 145000482A327943006CB348 /* Assets.xcassets */; };
		1450004C2A327943006CB348 /* Preview Assets.xcassets in Resources */ = {isa = PBXBuildFile; fileRef = 1450004B2A327943006CB348 /* Preview Assets.xcassets */; };
		145000532A3279A5006CB348 /* CanvasView.swift in Sources */ = {isa = PBXBuildFile; fileRef = 145000522A3279A5006CB348 /* CanvasView.swift */; };
		145000552A327AE8006CB348 /* DrawingView.swift in Sources */ = {isa = PBXBuildFile; fileRef = 145000542A327AE8006CB348 /* DrawingView.swift */; };
		145000572A328BA5006CB348 /* FlavourStore.swift in Sources */ = {isa = PBXBuildFile; fileRef = 145000562A328BA5006CB348 /* FlavourStore.swift */; };
		145000592A32A02D006CB348 /* flavours.json in Resources */ = {isa = PBXBuildFile; fileRef = 145000582A32A02D006CB348 /* flavours.json */; };
		1452DCA82A3BC54700EF7D3E /* Flavour.swift in Sources */ = {isa = PBXBuildFile; fileRef = 1452DCA72A3BC54700EF7D3E /* Flavour.swift */; };
		1452DCAC2A3C062900EF7D3E /* ErrorWrapper.swift in Sources */ = {isa = PBXBuildFile; fileRef = 1452DCAB2A3C062900EF7D3E /* ErrorWrapper.swift */; };
		1452DCAE2A3C069A00EF7D3E /* ErrorView.swift in Sources */ = {isa = PBXBuildFile; fileRef = 1452DCAD2A3C069A00EF7D3E /* ErrorView.swift */; };
		1452DCB02A3CD25B00EF7D3E /* NewFlavourView.swift in Sources */ = {isa = PBXBuildFile; fileRef = 1452DCAF2A3CD25B00EF7D3E /* NewFlavourView.swift */; };
		1452DCB22A3CD30A00EF7D3E /* DetailEditView.swift in Sources */ = {isa = PBXBuildFile; fileRef = 1452DCB12A3CD30A00EF7D3E /* DetailEditView.swift */; };
		14E244DC2A33C5F2009BCD11 /* FlavourList.swift in Sources */ = {isa = PBXBuildFile; fileRef = 14E244DB2A33C5F2009BCD11 /* FlavourList.swift */; };
		14E244DE2A381302009BCD11 /* AddButton.swift in Sources */ = {isa = PBXBuildFile; fileRef = 14E244DD2A381301009BCD11 /* AddButton.swift */; };
/* End PBXBuildFile section */

/* Begin PBXFileReference section */
		145000412A327942006CB348 /* FlavourFrame.app */ = {isa = PBXFileReference; explicitFileType = wrapper.application; includeInIndex = 0; path = FlavourFrame.app; sourceTree = BUILT_PRODUCTS_DIR; };
		145000442A327942006CB348 /* FlavourFrameApp.swift */ = {isa = PBXFileReference; lastKnownFileType = sourcecode.swift; path = FlavourFrameApp.swift; sourceTree = "<group>"; };
		145000462A327942006CB348 /* ContentView.swift */ = {isa = PBXFileReference; lastKnownFileType = sourcecode.swift; path = ContentView.swift; sourceTree = "<group>"; };
		145000482A327943006CB348 /* Assets.xcassets */ = {isa = PBXFileReference; lastKnownFileType = folder.assetcatalog; path = Assets.xcassets; sourceTree = "<group>"; };
		1450004B2A327943006CB348 /* Preview Assets.xcassets */ = {isa = PBXFileReference; lastKnownFileType = folder.assetcatalog; path = "Preview Assets.xcassets"; sourceTree = "<group>"; };
		145000522A3279A5006CB348 /* CanvasView.swift */ = {isa = PBXFileReference; lastKnownFileType = sourcecode.swift; path = CanvasView.swift; sourceTree = "<group>"; };
		145000542A327AE8006CB348 /* DrawingView.swift */ = {isa = PBXFileReference; lastKnownFileType = sourcecode.swift; path = DrawingView.swift; sourceTree = "<group>"; };
		145000562A328BA5006CB348 /* FlavourStore.swift */ = {isa = PBXFileReference; lastKnownFileType = sourcecode.swift; path = FlavourStore.swift; sourceTree = "<group>"; };
		145000582A32A02D006CB348 /* flavours.json */ = {isa = PBXFileReference; lastKnownFileType = text.json; path = flavours.json; sourceTree = "<group>"; };
		1452DCA72A3BC54700EF7D3E /* Flavour.swift */ = {isa = PBXFileReference; lastKnownFileType = sourcecode.swift; path = Flavour.swift; sourceTree = "<group>"; };
		1452DCAB2A3C062900EF7D3E /* ErrorWrapper.swift */ = {isa = PBXFileReference; lastKnownFileType = sourcecode.swift; path = ErrorWrapper.swift; sourceTree = "<group>"; };
		1452DCAD2A3C069A00EF7D3E /* ErrorView.swift */ = {isa = PBXFileReference; lastKnownFileType = sourcecode.swift; path = ErrorView.swift; sourceTree = "<group>"; };
		1452DCAF2A3CD25B00EF7D3E /* NewFlavourView.swift */ = {isa = PBXFileReference; lastKnownFileType = sourcecode.swift; path = NewFlavourView.swift; sourceTree = "<group>"; };
		1452DCB12A3CD30A00EF7D3E /* DetailEditView.swift */ = {isa = PBXFileReference; lastKnownFileType = sourcecode.swift; path = DetailEditView.swift; sourceTree = "<group>"; };
		14E244DB2A33C5F2009BCD11 /* FlavourList.swift */ = {isa = PBXFileReference; lastKnownFileType = sourcecode.swift; path = FlavourList.swift; sourceTree = "<group>"; };
		14E244DD2A381301009BCD11 /* AddButton.swift */ = {isa = PBXFileReference; lastKnownFileType = sourcecode.swift; path = AddButton.swift; sourceTree = "<group>"; };
/* End PBXFileReference section */

/* Begin PBXFrameworksBuildPhase section */
		1450003E2A327942006CB348 /* Frameworks */ = {
			isa = PBXFrameworksBuildPhase;
			buildActionMask = 2147483647;
			files = (
			);
			runOnlyForDeploymentPostprocessing = 0;
		};
/* End PBXFrameworksBuildPhase section */

/* Begin PBXGroup section */
		145000382A327942006CB348 = {
			isa = PBXGroup;
			children = (
				145000432A327942006CB348 /* FlavourFrame */,
				145000422A327942006CB348 /* Products */,
			);
			sourceTree = "<group>";
		};
		145000422A327942006CB348 /* Products */ = {
			isa = PBXGroup;
			children = (
				145000412A327942006CB348 /* FlavourFrame.app */,
			);
			name = Products;
			sourceTree = "<group>";
		};
		145000432A327942006CB348 /* FlavourFrame */ = {
			isa = PBXGroup;
			children = (
				1452DCA92A3BC57100EF7D3E /* Models */,
				1452DCAA2A3BC58C00EF7D3E /* Views */,
				145000442A327942006CB348 /* FlavourFrameApp.swift */,
				145000582A32A02D006CB348 /* flavours.json */,
				145000482A327943006CB348 /* Assets.xcassets */,
				1450004A2A327943006CB348 /* Preview Content */,
			);
			path = FlavourFrame;
			sourceTree = "<group>";
		};
		1450004A2A327943006CB348 /* Preview Content */ = {
			isa = PBXGroup;
			children = (
				1450004B2A327943006CB348 /* Preview Assets.xcassets */,
			);
			path = "Preview Content";
			sourceTree = "<group>";
		};
		1452DCA92A3BC57100EF7D3E /* Models */ = {
			isa = PBXGroup;
			children = (
				145000562A328BA5006CB348 /* FlavourStore.swift */,
				1452DCA72A3BC54700EF7D3E /* Flavour.swift */,
				1452DCAB2A3C062900EF7D3E /* ErrorWrapper.swift */,
			);
			path = Models;
			sourceTree = "<group>";
		};
		1452DCAA2A3BC58C00EF7D3E /* Views */ = {
			isa = PBXGroup;
			children = (
				145000462A327942006CB348 /* ContentView.swift */,
				14E244DB2A33C5F2009BCD11 /* FlavourList.swift */,
				1452DCAD2A3C069A00EF7D3E /* ErrorView.swift */,
				14E244DD2A381301009BCD11 /* AddButton.swift */,
				145000542A327AE8006CB348 /* DrawingView.swift */,
				1452DCAF2A3CD25B00EF7D3E /* NewFlavourView.swift */,
				145000522A3279A5006CB348 /* CanvasView.swift */,
				1452DCB12A3CD30A00EF7D3E /* DetailEditView.swift */,
			);
			path = Views;
			sourceTree = "<group>";
		};
/* End PBXGroup section */

/* Begin PBXNativeTarget section */
		145000402A327942006CB348 /* FlavourFrame */ = {
			isa = PBXNativeTarget;
			buildConfigurationList = 1450004F2A327943006CB348 /* Build configuration list for PBXNativeTarget "FlavourFrame" */;
			buildPhases = (
				1450003D2A327942006CB348 /* Sources */,
				1450003E2A327942006CB348 /* Frameworks */,
				1450003F2A327942006CB348 /* Resources */,
			);
			buildRules = (
			);
			dependencies = (
			);
			name = FlavourFrame;
			productName = FlavourFrame;
			productReference = 145000412A327942006CB348 /* FlavourFrame.app */;
			productType = "com.apple.product-type.application";
		};
/* End PBXNativeTarget section */

/* Begin PBXProject section */
		145000392A327942006CB348 /* Project object */ = {
			isa = PBXProject;
			attributes = {
				BuildIndependentTargetsInParallel = 1;
				LastSwiftUpdateCheck = 1340;
				LastUpgradeCheck = 1340;
				TargetAttributes = {
					145000402A327942006CB348 = {
						CreatedOnToolsVersion = 13.4.1;
					};
				};
			};
			buildConfigurationList = 1450003C2A327942006CB348 /* Build configuration list for PBXProject "FlavourFrame" */;
			compatibilityVersion = "Xcode 13.0";
			developmentRegion = en;
			hasScannedForEncodings = 0;
			knownRegions = (
				en,
				Base,
			);
			mainGroup = 145000382A327942006CB348;
			productRefGroup = 145000422A327942006CB348 /* Products */;
			projectDirPath = "";
			projectRoot = "";
			targets = (
				145000402A327942006CB348 /* FlavourFrame */,
			);
		};
/* End PBXProject section */

/* Begin PBXResourcesBuildPhase section */
		1450003F2A327942006CB348 /* Resources */ = {
			isa = PBXResourcesBuildPhase;
			buildActionMask = 2147483647;
			files = (
				145000592A32A02D006CB348 /* flavours.json in Resources */,
				1450004C2A327943006CB348 /* Preview Assets.xcassets in Resources */,
				145000492A327943006CB348 /* Assets.xcassets in Resources */,
			);
			runOnlyForDeploymentPostprocessing = 0;
		};
/* End PBXResourcesBuildPhase section */

/* Begin PBXSourcesBuildPhase section */
		1450003D2A327942006CB348 /* Sources */ = {
			isa = PBXSourcesBuildPhase;
			buildActionMask = 2147483647;
			files = (
				145000472A327942006CB348 /* ContentView.swift in Sources */,
				145000452A327942006CB348 /* FlavourFrameApp.swift in Sources */,
				1452DCA82A3BC54700EF7D3E /* Flavour.swift in Sources */,
				1452DCB02A3CD25B00EF7D3E /* NewFlavourView.swift in Sources */,
				145000572A328BA5006CB348 /* FlavourStore.swift in Sources */,
				14E244DC2A33C5F2009BCD11 /* FlavourList.swift in Sources */,
				1452DCB22A3CD30A00EF7D3E /* DetailEditView.swift in Sources */,
				145000532A3279A5006CB348 /* CanvasView.swift in Sources */,
				145000552A327AE8006CB348 /* DrawingView.swift in Sources */,
				1452DCAC2A3C062900EF7D3E /* ErrorWrapper.swift in Sources */,
				14E244DE2A381302009BCD11 /* AddButton.swift in Sources */,
				1452DCAE2A3C069A00EF7D3E /* ErrorView.swift in Sources */,
			);
			runOnlyForDeploymentPostprocessing = 0;
		};
/* End PBXSourcesBuildPhase section */

/* Begin XCBuildConfiguration section */
		1450004D2A327943006CB348 /* Debug */ = {
			isa = XCBuildConfiguration;
			buildSettings = {
				ALWAYS_SEARCH_USER_PATHS = NO;
				CLANG_ANALYZER_NONNULL = YES;
				CLANG_ANALYZER_NUMBER_OBJECT_CONVERSION = YES_AGGRESSIVE;
				CLANG_CXX_LANGUAGE_STANDARD = "gnu++17";
				CLANG_ENABLE_MODULES = YES;
				CLANG_ENABLE_OBJC_ARC = YES;
				CLANG_ENABLE_OBJC_WEAK = YES;
				CLANG_WARN_BLOCK_CAPTURE_AUTORELEASING = YES;
				CLANG_WARN_BOOL_CONVERSION = YES;
				CLANG_WARN_COMMA = YES;
				CLANG_WARN_CONSTANT_CONVERSION = YES;
				CLANG_WARN_DEPRECATED_OBJC_IMPLEMENTATIONS = YES;
				CLANG_WARN_DIRECT_OBJC_ISA_USAGE = YES_ERROR;
				CLANG_WARN_DOCUMENTATION_COMMENTS = YES;
				CLANG_WARN_EMPTY_BODY = YES;
				CLANG_WARN_ENUM_CONVERSION = YES;
				CLANG_WARN_INFINITE_RECURSION = YES;
				CLANG_WARN_INT_CONVERSION = YES;
				CLANG_WARN_NON_LITERAL_NULL_CONVERSION = YES;
				CLANG_WARN_OBJC_IMPLICIT_RETAIN_SELF = YES;
				CLANG_WARN_OBJC_LITERAL_CONVERSION = YES;
				CLANG_WARN_OBJC_ROOT_CLASS = YES_ERROR;
				CLANG_WARN_QUOTED_INCLUDE_IN_FRAMEWORK_HEADER = YES;
				CLANG_WARN_RANGE_LOOP_ANALYSIS = YES;
				CLANG_WARN_STRICT_PROTOTYPES = YES;
				CLANG_WARN_SUSPICIOUS_MOVE = YES;
				CLANG_WARN_UNGUARDED_AVAILABILITY = YES_AGGRESSIVE;
				CLANG_WARN_UNREACHABLE_CODE = YES;
				CLANG_WARN__DUPLICATE_METHOD_MATCH = YES;
				COPY_PHASE_STRIP = NO;
				DEBUG_INFORMATION_FORMAT = dwarf;
				ENABLE_STRICT_OBJC_MSGSEND = YES;
				ENABLE_TESTABILITY = YES;
				GCC_C_LANGUAGE_STANDARD = gnu11;
				GCC_DYNAMIC_NO_PIC = NO;
				GCC_NO_COMMON_BLOCKS = YES;
				GCC_OPTIMIZATION_LEVEL = 0;
				GCC_PREPROCESSOR_DEFINITIONS = (
					"DEBUG=1",
					"$(inherited)",
				);
				GCC_WARN_64_TO_32_BIT_CONVERSION = YES;
				GCC_WARN_ABOUT_RETURN_TYPE = YES_ERROR;
				GCC_WARN_UNDECLARED_SELECTOR = YES;
				GCC_WARN_UNINITIALIZED_AUTOS = YES_AGGRESSIVE;
				GCC_WARN_UNUSED_FUNCTION = YES;
				GCC_WARN_UNUSED_VARIABLE = YES;
				IPHONEOS_DEPLOYMENT_TARGET = 16.4;
				MTL_ENABLE_DEBUG_INFO = INCLUDE_SOURCE;
				MTL_FAST_MATH = YES;
				ONLY_ACTIVE_ARCH = YES;
				SDKROOT = iphoneos;
				SWIFT_ACTIVE_COMPILATION_CONDITIONS = DEBUG;
				SWIFT_OPTIMIZATION_LEVEL = "-Onone";
			};
			name = Debug;
		};
		1450004E2A327943006CB348 /* Release */ = {
			isa = XCBuildConfiguration;
			buildSettings = {
				ALWAYS_SEARCH_USER_PATHS = NO;
				CLANG_ANALYZER_NONNULL = YES;
				CLANG_ANALYZER_NUMBER_OBJECT_CONVERSION = YES_AGGRESSIVE;
				CLANG_CXX_LANGUAGE_STANDARD = "gnu++17";
				CLANG_ENABLE_MODULES = YES;
				CLANG_ENABLE_OBJC_ARC = YES;
				CLANG_ENABLE_OBJC_WEAK = YES;
				CLANG_WARN_BLOCK_CAPTURE_AUTORELEASING = YES;
				CLANG_WARN_BOOL_CONVERSION = YES;
				CLANG_WARN_COMMA = YES;
				CLANG_WARN_CONSTANT_CONVERSION = YES;
				CLANG_WARN_DEPRECATED_OBJC_IMPLEMENTATIONS = YES;
				CLANG_WARN_DIRECT_OBJC_ISA_USAGE = YES_ERROR;
				CLANG_WARN_DOCUMENTATION_COMMENTS = YES;
				CLANG_WARN_EMPTY_BODY = YES;
				CLANG_WARN_ENUM_CONVERSION = YES;
				CLANG_WARN_INFINITE_RECURSION = YES;
				CLANG_WARN_INT_CONVERSION = YES;
				CLANG_WARN_NON_LITERAL_NULL_CONVERSION = YES;
				CLANG_WARN_OBJC_IMPLICIT_RETAIN_SELF = YES;
				CLANG_WARN_OBJC_LITERAL_CONVERSION = YES;
				CLANG_WARN_OBJC_ROOT_CLASS = YES_ERROR;
				CLANG_WARN_QUOTED_INCLUDE_IN_FRAMEWORK_HEADER = YES;
				CLANG_WARN_RANGE_LOOP_ANALYSIS = YES;
				CLANG_WARN_STRICT_PROTOTYPES = YES;
				CLANG_WARN_SUSPICIOUS_MOVE = YES;
				CLANG_WARN_UNGUARDED_AVAILABILITY = YES_AGGRESSIVE;
				CLANG_WARN_UNREACHABLE_CODE = YES;
				CLANG_WARN__DUPLICATE_METHOD_MATCH = YES;
				COPY_PHASE_STRIP = NO;
				DEBUG_INFORMATION_FORMAT = "dwarf-with-dsym";
				ENABLE_NS_ASSERTIONS = NO;
				ENABLE_STRICT_OBJC_MSGSEND = YES;
				GCC_C_LANGUAGE_STANDARD = gnu11;
				GCC_NO_COMMON_BLOCKS = YES;
				GCC_WARN_64_TO_32_BIT_CONVERSION = YES;
				GCC_WARN_ABOUT_RETURN_TYPE = YES_ERROR;
				GCC_WARN_UNDECLARED_SELECTOR = YES;
				GCC_WARN_UNINITIALIZED_AUTOS = YES_AGGRESSIVE;
				GCC_WARN_UNUSED_FUNCTION = YES;
				GCC_WARN_UNUSED_VARIABLE = YES;
				IPHONEOS_DEPLOYMENT_TARGET = 16.4;
				MTL_ENABLE_DEBUG_INFO = NO;
				MTL_FAST_MATH = YES;
				SDKROOT = iphoneos;
				SWIFT_COMPILATION_MODE = wholemodule;
				SWIFT_OPTIMIZATION_LEVEL = "-O";
				VALIDATE_PRODUCT = YES;
			};
			name = Release;
		};
		145000502A327943006CB348 /* Debug */ = {
			isa = XCBuildConfiguration;
			buildSettings = {
				ASSETCATALOG_COMPILER_APPICON_NAME = AppIcon;
				ASSETCATALOG_COMPILER_GLOBAL_ACCENT_COLOR_NAME = AccentColor;
				CODE_SIGN_STYLE = Automatic;
				CURRENT_PROJECT_VERSION = 1;
				DEVELOPMENT_ASSET_PATHS = "\"FlavourFrame/Preview Content\"";
				DEVELOPMENT_TEAM = 58P9Y6D3D8;
				ENABLE_PREVIEWS = YES;
				GENERATE_INFOPLIST_FILE = YES;
				INFOPLIST_KEY_UIApplicationSceneManifest_Generation = YES;
				INFOPLIST_KEY_UIApplicationSupportsIndirectInputEvents = YES;
				INFOPLIST_KEY_UILaunchScreen_Generation = YES;
				INFOPLIST_KEY_UISupportedInterfaceOrientations_iPad = "UIInterfaceOrientationPortrait UIInterfaceOrientationPortraitUpsideDown UIInterfaceOrientationLandscapeLeft UIInterfaceOrientationLandscapeRight";
				INFOPLIST_KEY_UISupportedInterfaceOrientations_iPhone = "UIInterfaceOrientationPortrait UIInterfaceOrientationLandscapeLeft UIInterfaceOrientationLandscapeRight";
				INFOPLIST_KEY_UISupportsDocumentBrowser = YES;
				LD_RUNPATH_SEARCH_PATHS = (
					"$(inherited)",
					"@executable_path/Frameworks",
				);
				MARKETING_VERSION = 1.0;
				PRODUCT_BUNDLE_IDENTIFIER = com.electrobarn.FlavourFrame;
				PRODUCT_NAME = "$(TARGET_NAME)";
				SWIFT_EMIT_LOC_STRINGS = YES;
				SWIFT_VERSION = 5.0;
				TARGETED_DEVICE_FAMILY = "1,2";
			};
			name = Debug;
		};
		145000512A327943006CB348 /* Release */ = {
			isa = XCBuildConfiguration;
			buildSettings = {
				ASSETCATALOG_COMPILER_APPICON_NAME = AppIcon;
				ASSETCATALOG_COMPILER_GLOBAL_ACCENT_COLOR_NAME = AccentColor;
				CODE_SIGN_STYLE = Automatic;
				CURRENT_PROJECT_VERSION = 1;
				DEVELOPMENT_ASSET_PATHS = "\"FlavourFrame/Preview Content\"";
				DEVELOPMENT_TEAM = 58P9Y6D3D8;
				ENABLE_PREVIEWS = YES;
				GENERATE_INFOPLIST_FILE = YES;
				INFOPLIST_KEY_UIApplicationSceneManifest_Generation = YES;
				INFOPLIST_KEY_UIApplicationSupportsIndirectInputEvents = YES;
				INFOPLIST_KEY_UILaunchScreen_Generation = YES;
				INFOPLIST_KEY_UISupportedInterfaceOrientations_iPad = "UIInterfaceOrientationPortrait UIInterfaceOrientationPortraitUpsideDown UIInterfaceOrientationLandscapeLeft UIInterfaceOrientationLandscapeRight";
				INFOPLIST_KEY_UISupportedInterfaceOrientations_iPhone = "UIInterfaceOrientationPortrait UIInterfaceOrientationLandscapeLeft UIInterfaceOrientationLandscapeRight";
				INFOPLIST_KEY_UISupportsDocumentBrowser = YES;
				LD_RUNPATH_SEARCH_PATHS = (
					"$(inherited)",
					"@executable_path/Frameworks",
				);
				MARKETING_VERSION = 1.0;
				PRODUCT_BUNDLE_IDENTIFIER = com.electrobarn.FlavourFrame;
				PRODUCT_NAME = "$(TARGET_NAME)";
				SWIFT_EMIT_LOC_STRINGS = YES;
				SWIFT_VERSION = 5.0;
				TARGETED_DEVICE_FAMILY = "1,2";
			};
			name = Release;
		};
/* End XCBuildConfiguration section */

/* Begin XCConfigurationList section */
		1450003C2A327942006CB348 /* Build configuration list for PBXProject "FlavourFrame" */ = {
			isa = XCConfigurationList;
			buildConfigurations = (
				1450004D2A327943006CB348 /* Debug */,
				1450004E2A327943006CB348 /* Release */,
			);
			defaultConfigurationIsVisible = 0;
			defaultConfigurationName = Release;
		};
		1450004F2A327943006CB348 /* Build configuration list for PBXNativeTarget "FlavourFrame" */ = {
			isa = XCConfigurationList;
			buildConfigurations = (
				145000502A327943006CB348 /* Debug */,
				145000512A327943006CB348 /* Release */,
			);
			defaultConfigurationIsVisible = 0;
			defaultConfigurationName = Release;
		};
/* End XCConfigurationList section */
	};
	rootObject = 145000392A327942006CB348 /* Project object */;
}
